
Microsoft Visual Studio Solution File, Format Version 12.00
# Visual Studio Version 17
VisualStudioVersion = 17.13.35931.197
MinimumVisualStudioVersion = 10.0.40219.1
Project("{8BC9CEB8-8B4A-11D0-8D11-00A0C91BC942}") = "00-01", "00-01\00-01.vcxproj", "{FF360CE3-FA60-4B3B-92F4-4C91D326AE55}"
EndProject
Project("{8BC9CEB8-8B4A-11D0-8D11-00A0C91BC942}") = "01-01", "01-01\01-01.vcxproj", "{2544EEED-4DBC-41C5-A00A-B5113607698C}"
EndProject
Project("{2150E333-8FDC-42A3-9474-1A3956D46DE8}") = "ソリューション項目", "ソリューション項目", "{2022CB0F-8BAF-F49E-0C48-8EF4C96EC109}"
	ProjectSection(SolutionItems) = preProject
		.editorconfig = .editorconfig
	EndProjectSection
EndProject
Project("{8BC9CEB8-8B4A-11D0-8D11-00A0C91BC942}") = "01-02", "01-02\01-02.vcxproj", "{1E7E026F-1091-4A11-8710-5679389B598C}"
EndProject
Project("{8BC9CEB8-8B4A-11D0-8D11-00A0C91BC942}") = "02-01", "02-01\02-01.vcxproj", "{E071F8A4-030B-4D12-8C79-2F4576944A8A}"
EndProject
Project("{8BC9CEB8-8B4A-11D0-8D11-00A0C91BC942}") = "02-02", "02-02\02-02.vcxproj", "{B9569DE8-799F-4A34-8BA6-F9759350C500}"
EndProject
Project("{8BC9CEB8-8B4A-11D0-8D11-00A0C91BC942}") = "02-03", "02-03\02-03.vcxproj", "{27E1DD1F-F700-44FF-97E3-FE5F0E272803}"
EndProject
Project("{8BC9CEB8-8B4A-11D0-8D11-00A0C91BC942}") = "02-04", "02-04\02-04.vcxproj", "{05FDDF01-290F-41CE-B94E-E7D4A707C980}"
EndProject
Project("{8BC9CEB8-8B4A-11D0-8D11-00A0C91BC942}") = "03-01", "03-01\03-01.vcxproj", "{BEA005C1-DC7B-41A8-86E8-D12AF46E5DEB}"
EndProject
Project("{8BC9CEB8-8B4A-11D0-8D11-00A0C91BC942}") = "03-02", "03-02\03-02.vcxproj", "{0D9BAC47-33B4-404E-AC19-54B72FB1C181}"
EndProject
Project("{8BC9CEB8-8B4A-11D0-8D11-00A0C91BC942}") = "03-03", "03-03\03-03.vcxproj", "{907BE3A2-844C-4F09-BBD9-A8659FA74633}"
EndProject
Project("{8BC9CEB8-8B4A-11D0-8D11-00A0C91BC942}") = "03-04", "03-04\03-04.vcxproj", "{EFC571FE-F5C4-4584-A11B-839C7CC1F8A5}"
EndProject
Project("{8BC9CEB8-8B4A-11D0-8D11-00A0C91BC942}") = "04-01", "04-01\04-01.vcxproj", "{1633D1BC-79B6-41E9-82BD-A245C4373C2B}"
EndProject
Project("{8BC9CEB8-8B4A-11D0-8D11-00A0C91BC942}") = "05-02", "05-02\05-02.vcxproj", "{0D689A27-F68B-4A43-8DA1-9F6B79F6533D}"
EndProject
Project("{8BC9CEB8-8B4A-11D0-8D11-00A0C91BC942}") = "05-01", "05-01\05-01.vcxproj", "{8974F89B-5DF5-44C1-82B4-88A0012CE653}"
EndProject
Project("{8BC9CEB8-8B4A-11D0-8D11-00A0C91BC942}") = "06-01", "06-01\06-01.vcxproj", "{4BA619F5-104F-4E3D-9C09-8310B34E430A}"
EndProject
Project("{8BC9CEB8-8B4A-11D0-8D11-00A0C91BC942}") = "06-02", "06-02\06-02.vcxproj", "{D2BD4550-024C-4FA9-9CCA-2C03FD1B5142}"
EndProject
Global
	GlobalSection(SolutionConfigurationPlatforms) = preSolution
		Debug|x64 = Debug|x64
		Debug|x86 = Debug|x86
		Release|x64 = Release|x64
		Release|x86 = Release|x86
	EndGlobalSection
	GlobalSection(ProjectConfigurationPlatforms) = postSolution
		{FF360CE3-FA60-4B3B-92F4-4C91D326AE55}.Debug|x64.ActiveCfg = Debug|x64
		{FF360CE3-FA60-4B3B-92F4-4C91D326AE55}.Debug|x64.Build.0 = Debug|x64
		{FF360CE3-FA60-4B3B-92F4-4C91D326AE55}.Debug|x86.ActiveCfg = Debug|Win32
		{FF360CE3-FA60-4B3B-92F4-4C91D326AE55}.Debug|x86.Build.0 = Debug|Win32
		{FF360CE3-FA60-4B3B-92F4-4C91D326AE55}.Release|x64.ActiveCfg = Release|x64
		{FF360CE3-FA60-4B3B-92F4-4C91D326AE55}.Release|x64.Build.0 = Release|x64
		{FF360CE3-FA60-4B3B-92F4-4C91D326AE55}.Release|x86.ActiveCfg = Release|Win32
		{FF360CE3-FA60-4B3B-92F4-4C91D326AE55}.Release|x86.Build.0 = Release|Win32
		{2544EEED-4DBC-41C5-A00A-B5113607698C}.Debug|x64.ActiveCfg = Debug|x64
		{2544EEED-4DBC-41C5-A00A-B5113607698C}.Debug|x64.Build.0 = Debug|x64
		{2544EEED-4DBC-41C5-A00A-B5113607698C}.Debug|x86.ActiveCfg = Debug|Win32
		{2544EEED-4DBC-41C5-A00A-B5113607698C}.Debug|x86.Build.0 = Debug|Win32
		{2544EEED-4DBC-41C5-A00A-B5113607698C}.Release|x64.ActiveCfg = Release|x64
		{2544EEED-4DBC-41C5-A00A-B5113607698C}.Release|x64.Build.0 = Release|x64
		{2544EEED-4DBC-41C5-A00A-B5113607698C}.Release|x86.ActiveCfg = Release|Win32
		{2544EEED-4DBC-41C5-A00A-B5113607698C}.Release|x86.Build.0 = Release|Win32
		{1E7E026F-1091-4A11-8710-5679389B598C}.Debug|x64.ActiveCfg = Debug|x64
		{1E7E026F-1091-4A11-8710-5679389B598C}.Debug|x64.Build.0 = Debug|x64
		{1E7E026F-1091-4A11-8710-5679389B598C}.Debug|x86.ActiveCfg = Debug|Win32
		{1E7E026F-1091-4A11-8710-5679389B598C}.Debug|x86.Build.0 = Debug|Win32
		{1E7E026F-1091-4A11-8710-5679389B598C}.Release|x64.ActiveCfg = Release|x64
		{1E7E026F-1091-4A11-8710-5679389B598C}.Release|x64.Build.0 = Release|x64
		{1E7E026F-1091-4A11-8710-5679389B598C}.Release|x86.ActiveCfg = Release|Win32
		{1E7E026F-1091-4A11-8710-5679389B598C}.Release|x86.Build.0 = Release|Win32
		{E071F8A4-030B-4D12-8C79-2F4576944A8A}.Debug|x64.ActiveCfg = Debug|x64
		{E071F8A4-030B-4D12-8C79-2F4576944A8A}.Debug|x64.Build.0 = Debug|x64
		{E071F8A4-030B-4D12-8C79-2F4576944A8A}.Debug|x86.ActiveCfg = Debug|Win32
		{E071F8A4-030B-4D12-8C79-2F4576944A8A}.Debug|x86.Build.0 = Debug|Win32
		{E071F8A4-030B-4D12-8C79-2F4576944A8A}.Release|x64.ActiveCfg = Release|x64
		{E071F8A4-030B-4D12-8C79-2F4576944A8A}.Release|x64.Build.0 = Release|x64
		{E071F8A4-030B-4D12-8C79-2F4576944A8A}.Release|x86.ActiveCfg = Release|Win32
		{E071F8A4-030B-4D12-8C79-2F4576944A8A}.Release|x86.Build.0 = Release|Win32
		{B9569DE8-799F-4A34-8BA6-F9759350C500}.Debug|x64.ActiveCfg = Debug|x64
		{B9569DE8-799F-4A34-8BA6-F9759350C500}.Debug|x64.Build.0 = Debug|x64
		{B9569DE8-799F-4A34-8BA6-F9759350C500}.Debug|x86.ActiveCfg = Debug|Win32
		{B9569DE8-799F-4A34-8BA6-F9759350C500}.Debug|x86.Build.0 = Debug|Win32
		{B9569DE8-799F-4A34-8BA6-F9759350C500}.Release|x64.ActiveCfg = Release|x64
		{B9569DE8-799F-4A34-8BA6-F9759350C500}.Release|x64.Build.0 = Release|x64
		{B9569DE8-799F-4A34-8BA6-F9759350C500}.Release|x86.ActiveCfg = Release|Win32
		{B9569DE8-799F-4A34-8BA6-F9759350C500}.Release|x86.Build.0 = Release|Win32
		{27E1DD1F-F700-44FF-97E3-FE5F0E272803}.Debug|x64.ActiveCfg = Debug|x64
		{27E1DD1F-F700-44FF-97E3-FE5F0E272803}.Debug|x64.Build.0 = Debug|x64
		{27E1DD1F-F700-44FF-97E3-FE5F0E272803}.Debug|x86.ActiveCfg = Debug|Win32
		{27E1DD1F-F700-44FF-97E3-FE5F0E272803}.Debug|x86.Build.0 = Debug|Win32
		{27E1DD1F-F700-44FF-97E3-FE5F0E272803}.Release|x64.ActiveCfg = Release|x64
		{27E1DD1F-F700-44FF-97E3-FE5F0E272803}.Release|x64.Build.0 = Release|x64
		{27E1DD1F-F700-44FF-97E3-FE5F0E272803}.Release|x86.ActiveCfg = Release|Win32
		{27E1DD1F-F700-44FF-97E3-FE5F0E272803}.Release|x86.Build.0 = Release|Win32
		{05FDDF01-290F-41CE-B94E-E7D4A707C980}.Debug|x64.ActiveCfg = Debug|x64
		{05FDDF01-290F-41CE-B94E-E7D4A707C980}.Debug|x64.Build.0 = Debug|x64
		{05FDDF01-290F-41CE-B94E-E7D4A707C980}.Debug|x86.ActiveCfg = Debug|Win32
		{05FDDF01-290F-41CE-B94E-E7D4A707C980}.Debug|x86.Build.0 = Debug|Win32
		{05FDDF01-290F-41CE-B94E-E7D4A707C980}.Release|x64.ActiveCfg = Release|x64
		{05FDDF01-290F-41CE-B94E-E7D4A707C980}.Release|x64.Build.0 = Release|x64
		{05FDDF01-290F-41CE-B94E-E7D4A707C980}.Release|x86.ActiveCfg = Release|Win32
		{05FDDF01-290F-41CE-B94E-E7D4A707C980}.Release|x86.Build.0 = Release|Win32
		{BEA005C1-DC7B-41A8-86E8-D12AF46E5DEB}.Debug|x64.ActiveCfg = Debug|x64
		{BEA005C1-DC7B-41A8-86E8-D12AF46E5DEB}.Debug|x64.Build.0 = Debug|x64
		{BEA005C1-DC7B-41A8-86E8-D12AF46E5DEB}.Debug|x86.ActiveCfg = Debug|Win32
		{BEA005C1-DC7B-41A8-86E8-D12AF46E5DEB}.Debug|x86.Build.0 = Debug|Win32
		{BEA005C1-DC7B-41A8-86E8-D12AF46E5DEB}.Release|x64.ActiveCfg = Release|x64
		{BEA005C1-DC7B-41A8-86E8-D12AF46E5DEB}.Release|x64.Build.0 = Release|x64
		{BEA005C1-DC7B-41A8-86E8-D12AF46E5DEB}.Release|x86.ActiveCfg = Release|Win32
		{BEA005C1-DC7B-41A8-86E8-D12AF46E5DEB}.Release|x86.Build.0 = Release|Win32
		{0D9BAC47-33B4-404E-AC19-54B72FB1C181}.Debug|x64.ActiveCfg = Debug|x64
		{0D9BAC47-33B4-404E-AC19-54B72FB1C181}.Debug|x64.Build.0 = Debug|x64
		{0D9BAC47-33B4-404E-AC19-54B72FB1C181}.Debug|x86.ActiveCfg = Debug|Win32
		{0D9BAC47-33B4-404E-AC19-54B72FB1C181}.Debug|x86.Build.0 = Debug|Win32
		{0D9BAC47-33B4-404E-AC19-54B72FB1C181}.Release|x64.ActiveCfg = Release|x64
		{0D9BAC47-33B4-404E-AC19-54B72FB1C181}.Release|x64.Build.0 = Release|x64
		{0D9BAC47-33B4-404E-AC19-54B72FB1C181}.Release|x86.ActiveCfg = Release|Win32
		{0D9BAC47-33B4-404E-AC19-54B72FB1C181}.Release|x86.Build.0 = Release|Win32
		{907BE3A2-844C-4F09-BBD9-A8659FA74633}.Debug|x64.ActiveCfg = Debug|x64
		{907BE3A2-844C-4F09-BBD9-A8659FA74633}.Debug|x64.Build.0 = Debug|x64
		{907BE3A2-844C-4F09-BBD9-A8659FA74633}.Debug|x86.ActiveCfg = Debug|Win32
		{907BE3A2-844C-4F09-BBD9-A8659FA74633}.Debug|x86.Build.0 = Debug|Win32
		{907BE3A2-844C-4F09-BBD9-A8659FA74633}.Release|x64.ActiveCfg = Release|x64
		{907BE3A2-844C-4F09-BBD9-A8659FA74633}.Release|x64.Build.0 = Release|x64
		{907BE3A2-844C-4F09-BBD9-A8659FA74633}.Release|x86.ActiveCfg = Release|Win32
		{907BE3A2-844C-4F09-BBD9-A8659FA74633}.Release|x86.Build.0 = Release|Win32
		{EFC571FE-F5C4-4584-A11B-839C7CC1F8A5}.Debug|x64.ActiveCfg = Debug|x64
		{EFC571FE-F5C4-4584-A11B-839C7CC1F8A5}.Debug|x64.Build.0 = Debug|x64
		{EFC571FE-F5C4-4584-A11B-839C7CC1F8A5}.Debug|x86.ActiveCfg = Debug|Win32
		{EFC571FE-F5C4-4584-A11B-839C7CC1F8A5}.Debug|x86.Build.0 = Debug|Win32
		{EFC571FE-F5C4-4584-A11B-839C7CC1F8A5}.Release|x64.ActiveCfg = Release|x64
		{EFC571FE-F5C4-4584-A11B-839C7CC1F8A5}.Release|x64.Build.0 = Release|x64
		{EFC571FE-F5C4-4584-A11B-839C7CC1F8A5}.Release|x86.ActiveCfg = Release|Win32
		{EFC571FE-F5C4-4584-A11B-839C7CC1F8A5}.Release|x86.Build.0 = Release|Win32
		{1633D1BC-79B6-41E9-82BD-A245C4373C2B}.Debug|x64.ActiveCfg = Debug|x64
		{1633D1BC-79B6-41E9-82BD-A245C4373C2B}.Debug|x64.Build.0 = Debug|x64
		{1633D1BC-79B6-41E9-82BD-A245C4373C2B}.Debug|x86.ActiveCfg = Debug|x64
		{1633D1BC-79B6-41E9-82BD-A245C4373C2B}.Debug|x86.Build.0 = Debug|x64
		{1633D1BC-79B6-41E9-82BD-A245C4373C2B}.Release|x64.ActiveCfg = Release|x64
		{1633D1BC-79B6-41E9-82BD-A245C4373C2B}.Release|x64.Build.0 = Release|x64
		{1633D1BC-79B6-41E9-82BD-A245C4373C2B}.Release|x86.ActiveCfg = Release|x64
		{1633D1BC-79B6-41E9-82BD-A245C4373C2B}.Release|x86.Build.0 = Release|x64
		{0D689A27-F68B-4A43-8DA1-9F6B79F6533D}.Debug|x64.ActiveCfg = Debug|x64
		{0D689A27-F68B-4A43-8DA1-9F6B79F6533D}.Debug|x64.Build.0 = Debug|x64
		{0D689A27-F68B-4A43-8DA1-9F6B79F6533D}.Debug|x86.ActiveCfg = Debug|x64
		{0D689A27-F68B-4A43-8DA1-9F6B79F6533D}.Debug|x86.Build.0 = Debug|x64
		{0D689A27-F68B-4A43-8DA1-9F6B79F6533D}.Release|x64.ActiveCfg = Release|x64
		{0D689A27-F68B-4A43-8DA1-9F6B79F6533D}.Release|x64.Build.0 = Release|x64
		{0D689A27-F68B-4A43-8DA1-9F6B79F6533D}.Release|x86.ActiveCfg = Release|x64
		{0D689A27-F68B-4A43-8DA1-9F6B79F6533D}.Release|x86.Build.0 = Release|x64
		{8974F89B-5DF5-44C1-82B4-88A0012CE653}.Debug|x64.ActiveCfg = Debug|x64
		{8974F89B-5DF5-44C1-82B4-88A0012CE653}.Debug|x64.Build.0 = Debug|x64
		{8974F89B-5DF5-44C1-82B4-88A0012CE653}.Debug|x86.ActiveCfg = Debug|x64
		{8974F89B-5DF5-44C1-82B4-88A0012CE653}.Debug|x86.Build.0 = Debug|x64
		{8974F89B-5DF5-44C1-82B4-88A0012CE653}.Release|x64.ActiveCfg = Release|x64
		{8974F89B-5DF5-44C1-82B4-88A0012CE653}.Release|x64.Build.0 = Release|x64
		{8974F89B-5DF5-44C1-82B4-88A0012CE653}.Release|x86.ActiveCfg = Release|x64
		{8974F89B-5DF5-44C1-82B4-88A0012CE653}.Release|x86.Build.0 = Release|x64
		{4BA619F5-104F-4E3D-9C09-8310B34E430A}.Debug|x64.ActiveCfg = Debug|x64
		{4BA619F5-104F-4E3D-9C09-8310B34E430A}.Debug|x64.Build.0 = Debug|x64
		{4BA619F5-104F-4E3D-9C09-8310B34E430A}.Debug|x86.ActiveCfg = Debug|Win32
		{4BA619F5-104F-4E3D-9C09-8310B34E430A}.Debug|x86.Build.0 = Debug|Win32
		{4BA619F5-104F-4E3D-9C09-8310B34E430A}.Release|x64.ActiveCfg = Release|x64
		{4BA619F5-104F-4E3D-9C09-8310B34E430A}.Release|x64.Build.0 = Release|x64
		{4BA619F5-104F-4E3D-9C09-8310B34E430A}.Release|x86.ActiveCfg = Release|Win32
		{4BA619F5-104F-4E3D-9C09-8310B34E430A}.Release|x86.Build.0 = Release|Win32
		{D2BD4550-024C-4FA9-9CCA-2C03FD1B5142}.Debug|x64.ActiveCfg = Debug|x64
		{D2BD4550-024C-4FA9-9CCA-2C03FD1B5142}.Debug|x64.Build.0 = Debug|x64
		{D2BD4550-024C-4FA9-9CCA-2C03FD1B5142}.Debug|x86.ActiveCfg = Debug|x64
		{D2BD4550-024C-4FA9-9CCA-2C03FD1B5142}.Debug|x86.Build.0 = Debug|x64
		{D2BD4550-024C-4FA9-9CCA-2C03FD1B5142}.Release|x64.ActiveCfg = Release|x64
		{D2BD4550-024C-4FA9-9CCA-2C03FD1B5142}.Release|x64.Build.0 = Release|x64
		{D2BD4550-024C-4FA9-9CCA-2C03FD1B5142}.Release|x86.ActiveCfg = Release|x64
		{D2BD4550-024C-4FA9-9CCA-2C03FD1B5142}.Release|x86.Build.0 = Release|x64
	EndGlobalSection
	GlobalSection(SolutionProperties) = preSolution
		HideSolutionNode = FALSE
	EndGlobalSection
	GlobalSection(ExtensibilityGlobals) = postSolution
		SolutionGuid = {BDFB1BB8-F61F-4DF8-9B8A-C2DFB60277A9}
	EndGlobalSection
EndGlobal
